
Microsoft Visual Studio Solution File, Format Version 12.00
# Visual Studio Version 17
VisualStudioVersion = 17.10.35122.118
MinimumVisualStudioVersion = 10.0.40219.1
Project("{FAE04EC0-301F-11D3-BF4B-00C04F79EFBC}") = "BudgetBuddy", "BudgetBuddy.csproj", "{A0F01E1D-E2F0-4115-8008-CE839D5AD7EC}"
EndProject
Global
	GlobalSection(SolutionConfigurationPlatforms) = preSolution
		Debug|Any CPU = Debug|Any CPU
		Release|Any CPU = Release|Any CPU
	EndGlobalSection
	GlobalSection(ProjectConfigurationPlatforms) = postSolution
		{A0F01E1D-E2F0-4115-8008-CE839D5AD7EC}.Debug|Any CPU.ActiveCfg = Debug|Any CPU
		{A0F01E1D-E2F0-4115-8008-CE839D5AD7EC}.Debug|Any CPU.Build.0 = Debug|Any CPU
		{A0F01E1D-E2F0-4115-8008-CE839D5AD7EC}.Release|Any CPU.ActiveCfg = Release|Any CPU
		{A0F01E1D-E2F0-4115-8008-CE839D5AD7EC}.Release|Any CPU.Build.0 = Release|Any CPU
	EndGlobalSection
	GlobalSection(SolutionProperties) = preSolution
		HideSolutionNode = FALSE
	EndGlobalSection
	GlobalSection(ExtensibilityGlobals) = postSolution
		SolutionGuid = {26351D22-6BDD-4217-A35E-CBEDA7B708E9}
	EndGlobalSection
EndGlobal
